
Microsoft Visual Studio Solution File, Format Version 10.00
# Visual Studio 2008
Project("{8BC9CEB8-8B4A-11D0-8D11-00A0C91BC942}") = "game", "game.vcproj", "{8EEC9112-FAEF-4C92-8723-BDB4FE8E3B48}"
EndProject
Global
	GlobalSection(SolutionConfigurationPlatforms) = preSolution
		Debug Alpha|Win32 = Debug Alpha|Win32
		Debug|Win32 = Debug|Win32
		Release Alpha|Win32 = Release Alpha|Win32
		Release|Win32 = Release|Win32
	EndGlobalSection
	GlobalSection(ProjectConfigurationPlatforms) = postSolution
		{8EEC9112-FAEF-4C92-8723-BDB4FE8E3B48}.Debug Alpha|Win32.ActiveCfg = Release|Win32
		{8EEC9112-FAEF-4C92-8723-BDB4FE8E3B48}.Debug Alpha|Win32.Build.0 = Release|Win32
		{8EEC9112-FAEF-4C92-8723-BDB4FE8E3B48}.Debug|Win32.ActiveCfg = Debug|Win32
		{8EEC9112-FAEF-4C92-8723-BDB4FE8E3B48}.Debug|Win32.Build.0 = Debug|Win32
		{8EEC9112-FAEF-4C92-8723-BDB4FE8E3B48}.Release Alpha|Win32.ActiveCfg = Release Alpha|Win32
		{8EEC9112-FAEF-4C92-8723-BDB4FE8E3B48}.Release Alpha|Win32.Build.0 = Release Alpha|Win32
		{8EEC9112-FAEF-4C92-8723-BDB4FE8E3B48}.Release|Win32.ActiveCfg = Release|Win32
		{8EEC9112-FAEF-4C92-8723-BDB4FE8E3B48}.Release|Win32.Build.0 = Release|Win32
	EndGlobalSection
	GlobalSection(SolutionProperties) = preSolution
		HideSolutionNode = FALSE
	EndGlobalSection
EndGlobal
